
Microsoft Visual Studio Solution File, Format Version 12.00
# Visual Studio Version 17
VisualStudioVersion = 17.10.35027.167
MinimumVisualStudioVersion = 10.0.40219.1
Project("{FAE04EC0-301F-11D3-BF4B-00C04F79EFBC}") = "sample-crud-be", "sample-crud-be.csproj", "{C0D8FC0B-9B83-4572-ACAC-8877AF504ADC}"
EndProject
Global
	GlobalSection(SolutionConfigurationPlatforms) = preSolution
		Debug|Any CPU = Debug|Any CPU
		Release|Any CPU = Release|Any CPU
	EndGlobalSection
	GlobalSection(ProjectConfigurationPlatforms) = postSolution
		{C0D8FC0B-9B83-4572-ACAC-8877AF504ADC}.Debug|Any CPU.ActiveCfg = Debug|Any CPU
		{C0D8FC0B-9B83-4572-ACAC-8877AF504ADC}.Debug|Any CPU.Build.0 = Debug|Any CPU
		{C0D8FC0B-9B83-4572-ACAC-8877AF504ADC}.Release|Any CPU.ActiveCfg = Release|Any CPU
		{C0D8FC0B-9B83-4572-ACAC-8877AF504ADC}.Release|Any CPU.Build.0 = Release|Any CPU
	EndGlobalSection
	GlobalSection(SolutionProperties) = preSolution
		HideSolutionNode = FALSE
	EndGlobalSection
	GlobalSection(ExtensibilityGlobals) = postSolution
		SolutionGuid = {85AB56A7-5012-46F2-BCE0-2A4A1007EAE2}
	EndGlobalSection
EndGlobal
